
Microsoft Visual Studio Solution File, Format Version 12.00
# Visual Studio 15
VisualStudioVersion = 15.0.28010.2019
MinimumVisualStudioVersion = 10.0.40219.1
Project("{FAE04EC0-301F-11D3-BF4B-00C04F79EFBC}") = "parkonomSoftware", "parkonomSoftware\parkonomSoftware.csproj", "{CBBDC362-6BB2-458E-9ACD-80D900501E92}"
EndProject
Global
	GlobalSection(SolutionConfigurationPlatforms) = preSolution
		Debug|Any CPU = Debug|Any CPU
		Release|Any CPU = Release|Any CPU
	EndGlobalSection
	GlobalSection(ProjectConfigurationPlatforms) = postSolution
		{CBBDC362-6BB2-458E-9ACD-80D900501E92}.Debug|Any CPU.ActiveCfg = Debug|Any CPU
		{CBBDC362-6BB2-458E-9ACD-80D900501E92}.Debug|Any CPU.Build.0 = Debug|Any CPU
		{CBBDC362-6BB2-458E-9ACD-80D900501E92}.Release|Any CPU.ActiveCfg = Release|Any CPU
		{CBBDC362-6BB2-458E-9ACD-80D900501E92}.Release|Any CPU.Build.0 = Release|Any CPU
	EndGlobalSection
	GlobalSection(SolutionProperties) = preSolution
		HideSolutionNode = FALSE
	EndGlobalSection
	GlobalSection(ExtensibilityGlobals) = postSolution
		SolutionGuid = {1D58D1C2-A55D-4119-944D-16829E922AC1}
	EndGlobalSection
EndGlobal
